// !$*UTF8*$!
{
	archiveVersion = 1;
	classes = {
	};
	objectVersion = 77;
	objects = {

/* Begin PBXBuildFile section */
		102DE263D8A035F403A25257 /* ShelfLifecycleStore.swift in Sources */ = {isa = PBXBuildFile; fileRef = 8EA8447ABD571D3F3DCA17B9 /* ShelfLifecycleStore.swift */; };
		155ECB31283C501B27165779 /* ShakeDetector.swift in Sources */ = {isa = PBXBuildFile; fileRef = 6D2EC9884DF36CE339D4A201 /* ShakeDetector.swift */; };
		2FFFF9587BF4F54661EBFA3B /* ManagedTemporaryFileStoreTests.swift in Sources */ = {isa = PBXBuildFile; fileRef = 4AABD01C14008A081EE101F5 /* ManagedTemporaryFileStoreTests.swift */; };
		436D05753DCA443129507E6D /* PasteboardMaterializerTests.swift in Sources */ = {isa = PBXBuildFile; fileRef = 6D3E6210019DDA40CDF95D3E /* PasteboardMaterializerTests.swift */; };
		4E22E84F2FE70F27C09255AF /* SettingsStore.swift in Sources */ = {isa = PBXBuildFile; fileRef = D69F80EA31D975442B576D4F /* SettingsStore.swift */; };
		5B75223E4B40B167E0071FAC /* Stage0LaunchAndWindowTests.swift in Sources */ = {isa = PBXBuildFile; fileRef = 0C8FFB9E802DD1CBD2CF7E04 /* Stage0LaunchAndWindowTests.swift */; };
		5C8CA0AF4AA8DE153E186709 /* ShelfItemModels.swift in Sources */ = {isa = PBXBuildFile; fileRef = 6CDCA631EDC5BCF5838F3801 /* ShelfItemModels.swift */; };
		5F48231B71DD45A479BC962C /* Assets.xcassets in Resources */ = {isa = PBXBuildFile; fileRef = CA80C5ADFA78672AA6CCF04F /* Assets.xcassets */; };
		71A745CF2F0E97C537E05C41 /* ShelfLifecycleStoreTests.swift in Sources */ = {isa = PBXBuildFile; fileRef = EC9AAC63DC924850759172D5 /* ShelfLifecycleStoreTests.swift */; };
		7A6E9033D67B574229DC52A2 /* PasteboardMaterializer.swift in Sources */ = {isa = PBXBuildFile; fileRef = 2E9CDB3ABC1623DFC7E460F1 /* PasteboardMaterializer.swift */; };
		7DFA61A0EE256BCFF185B6A5 /* ManagedTemporaryFileStore.swift in Sources */ = {isa = PBXBuildFile; fileRef = 57CC0D09C964326F28D6EBEB /* ManagedTemporaryFileStore.swift */; };
		80BC62E0E4E8DDAD2945FB92 /* RetentionScheduler.swift in Sources */ = {isa = PBXBuildFile; fileRef = A95C9E3A53B87AB422D609E6 /* RetentionScheduler.swift */; };
		878383B74542882102DE53CE /* ShelfModels.swift in Sources */ = {isa = PBXBuildFile; fileRef = CBAFCC9E0F84B0233D2D08A0 /* ShelfModels.swift */; };
		8B4A06615B29ABCE201FDC24 /* GlobalHotkeyManager.swift in Sources */ = {isa = PBXBuildFile; fileRef = 8892D6688BACA167988FDB5A /* GlobalHotkeyManager.swift */; };
		8D35385A121A80114D069759 /* ShelfContentViewController.swift in Sources */ = {isa = PBXBuildFile; fileRef = 5CF396CBCFC13C4CF0488C1E /* ShelfContentViewController.swift */; };
		91F87DB0CAB7899310034F66 /* TemporaryFileModels.swift in Sources */ = {isa = PBXBuildFile; fileRef = C1DFAB3C08F154C4749B8463 /* TemporaryFileModels.swift */; };
		9749EB06AE9819E06BE628C1 /* ShelfWindowGeometry.swift in Sources */ = {isa = PBXBuildFile; fileRef = 66130DA56AE961F3285CB5BD /* ShelfWindowGeometry.swift */; };
		98740A1CFE26E6ADA537DDE6 /* Stage0PerformanceMetrics.swift in Sources */ = {isa = PBXBuildFile; fileRef = FCD34C4E27850EE80A273C0D /* Stage0PerformanceMetrics.swift */; };
		AA95DFEA91145098E98FC4C9 /* ApplicationController.swift in Sources */ = {isa = PBXBuildFile; fileRef = 5606CFEFFE6215121D8E41F9 /* ApplicationController.swift */; };
		AC5B907ABCF6E300C67084BF /* main.swift in Sources */ = {isa = PBXBuildFile; fileRef = 4E285FE12AC61945F6865E4C /* main.swift */; };
		BBCEA3B676D0D52A9ADCAE26 /* SettingsStoreTests.swift in Sources */ = {isa = PBXBuildFile; fileRef = 58D9EA29A949F14288DCF8D2 /* SettingsStoreTests.swift */; };
		CDDB9DD566432725B0CAD2C5 /* GlobalInputCoordinator.swift in Sources */ = {isa = PBXBuildFile; fileRef = 8896E5498935BD01D12D9C39 /* GlobalInputCoordinator.swift */; };
		CF095910EB65F2383009B37F /* ShelfWindowController.swift in Sources */ = {isa = PBXBuildFile; fileRef = B6AE1CEF78F724BBB8ED6536 /* ShelfWindowController.swift */; };
		D0C71A5D53599A72B4FE4A07 /* ShelfManagerContentTests.swift in Sources */ = {isa = PBXBuildFile; fileRef = B299B8C51F20F2417F58D154 /* ShelfManagerContentTests.swift */; };
		D2FE897674A5A6F3B8C2F5C0 /* ShelfItemDomainTests.swift in Sources */ = {isa = PBXBuildFile; fileRef = 63E05B0A3AEFF8AF643D1143 /* ShelfItemDomainTests.swift */; };
		D816826AFD3F80B696AA6138 /* MenuBarController.swift in Sources */ = {isa = PBXBuildFile; fileRef = 509E76EBA46A366FBFDFFE85 /* MenuBarController.swift */; };
		E6256C72BA556D2F39A14AAC /* ShelfManager.swift in Sources */ = {isa = PBXBuildFile; fileRef = 1953F4E94F67228E55B75AC2 /* ShelfManager.swift */; };
		E6B545D0D3E53EDBE7F93A95 /* ShelfManagerWindowTests.swift in Sources */ = {isa = PBXBuildFile; fileRef = 1DE82B2EEB36621E9BF72B31 /* ShelfManagerWindowTests.swift */; };
		E9308A43137D115B21BEE4FE /* ShakeDetectionTests.swift in Sources */ = {isa = PBXBuildFile; fileRef = B424AB5B4105B9FA57FE7395 /* ShakeDetectionTests.swift */; };
		F7DA836E6494B0F035D9E75D /* AppDelegate.swift in Sources */ = {isa = PBXBuildFile; fileRef = 0BA05B89CABD7459A42B8FFB /* AppDelegate.swift */; };
/* End PBXBuildFile section */

/* Begin PBXContainerItemProxy section */
		651B5340ACCEC31D5BBC419F /* PBXContainerItemProxy */ = {
			isa = PBXContainerItemProxy;
			containerPortal = C86888F2F50DB011DDFE7C1A /* Project object */;
			proxyType = 1;
			remoteGlobalIDString = 5CAEB3A8C326CF7343209C2B;
			remoteInfo = Drops;
		};
/* End PBXContainerItemProxy section */

/* Begin PBXFileReference section */
		0BA05B89CABD7459A42B8FFB /* AppDelegate.swift */ = {isa = PBXFileReference; lastKnownFileType = sourcecode.swift; path = AppDelegate.swift; sourceTree = "<group>"; };
		0C8FFB9E802DD1CBD2CF7E04 /* Stage0LaunchAndWindowTests.swift */ = {isa = PBXFileReference; lastKnownFileType = sourcecode.swift; path = Stage0LaunchAndWindowTests.swift; sourceTree = "<group>"; };
		1953F4E94F67228E55B75AC2 /* ShelfManager.swift */ = {isa = PBXFileReference; lastKnownFileType = sourcecode.swift; path = ShelfManager.swift; sourceTree = "<group>"; };
		1DE82B2EEB36621E9BF72B31 /* ShelfManagerWindowTests.swift */ = {isa = PBXFileReference; lastKnownFileType = sourcecode.swift; path = ShelfManagerWindowTests.swift; sourceTree = "<group>"; };
		2E9CDB3ABC1623DFC7E460F1 /* PasteboardMaterializer.swift */ = {isa = PBXFileReference; lastKnownFileType = sourcecode.swift; path = PasteboardMaterializer.swift; sourceTree = "<group>"; };
		4AABD01C14008A081EE101F5 /* ManagedTemporaryFileStoreTests.swift */ = {isa = PBXFileReference; lastKnownFileType = sourcecode.swift; path = ManagedTemporaryFileStoreTests.swift; sourceTree = "<group>"; };
		4E285FE12AC61945F6865E4C /* main.swift */ = {isa = PBXFileReference; lastKnownFileType = sourcecode.swift; path = main.swift; sourceTree = "<group>"; };
		509E76EBA46A366FBFDFFE85 /* MenuBarController.swift */ = {isa = PBXFileReference; lastKnownFileType = sourcecode.swift; path = MenuBarController.swift; sourceTree = "<group>"; };
		5606CFEFFE6215121D8E41F9 /* ApplicationController.swift */ = {isa = PBXFileReference; lastKnownFileType = sourcecode.swift; path = ApplicationController.swift; sourceTree = "<group>"; };
		57CC0D09C964326F28D6EBEB /* ManagedTemporaryFileStore.swift */ = {isa = PBXFileReference; lastKnownFileType = sourcecode.swift; path = ManagedTemporaryFileStore.swift; sourceTree = "<group>"; };
		58D9EA29A949F14288DCF8D2 /* SettingsStoreTests.swift */ = {isa = PBXFileReference; lastKnownFileType = sourcecode.swift; path = SettingsStoreTests.swift; sourceTree = "<group>"; };
		5CF396CBCFC13C4CF0488C1E /* ShelfContentViewController.swift */ = {isa = PBXFileReference; lastKnownFileType = sourcecode.swift; path = ShelfContentViewController.swift; sourceTree = "<group>"; };
		63E05B0A3AEFF8AF643D1143 /* ShelfItemDomainTests.swift */ = {isa = PBXFileReference; lastKnownFileType = sourcecode.swift; path = ShelfItemDomainTests.swift; sourceTree = "<group>"; };
		66130DA56AE961F3285CB5BD /* ShelfWindowGeometry.swift */ = {isa = PBXFileReference; lastKnownFileType = sourcecode.swift; path = ShelfWindowGeometry.swift; sourceTree = "<group>"; };
		6C6E88844203E05FEEA09CAF /* DropsTests.xctest */ = {isa = PBXFileReference; explicitFileType = wrapper.cfbundle; includeInIndex = 0; path = DropsTests.xctest; sourceTree = BUILT_PRODUCTS_DIR; };
		6CDCA631EDC5BCF5838F3801 /* ShelfItemModels.swift */ = {isa = PBXFileReference; lastKnownFileType = sourcecode.swift; path = ShelfItemModels.swift; sourceTree = "<group>"; };
		6D2EC9884DF36CE339D4A201 /* ShakeDetector.swift */ = {isa = PBXFileReference; lastKnownFileType = sourcecode.swift; path = ShakeDetector.swift; sourceTree = "<group>"; };
		6D3E6210019DDA40CDF95D3E /* PasteboardMaterializerTests.swift */ = {isa = PBXFileReference; lastKnownFileType = sourcecode.swift; path = PasteboardMaterializerTests.swift; sourceTree = "<group>"; };
		8892D6688BACA167988FDB5A /* GlobalHotkeyManager.swift */ = {isa = PBXFileReference; lastKnownFileType = sourcecode.swift; path = GlobalHotkeyManager.swift; sourceTree = "<group>"; };
		8896E5498935BD01D12D9C39 /* GlobalInputCoordinator.swift */ = {isa = PBXFileReference; lastKnownFileType = sourcecode.swift; path = GlobalInputCoordinator.swift; sourceTree = "<group>"; };
		8EA8447ABD571D3F3DCA17B9 /* ShelfLifecycleStore.swift */ = {isa = PBXFileReference; lastKnownFileType = sourcecode.swift; path = ShelfLifecycleStore.swift; sourceTree = "<group>"; };
		A95C9E3A53B87AB422D609E6 /* RetentionScheduler.swift */ = {isa = PBXFileReference; lastKnownFileType = sourcecode.swift; path = RetentionScheduler.swift; sourceTree = "<group>"; };
		B299B8C51F20F2417F58D154 /* ShelfManagerContentTests.swift */ = {isa = PBXFileReference; lastKnownFileType = sourcecode.swift; path = ShelfManagerContentTests.swift; sourceTree = "<group>"; };
		B424AB5B4105B9FA57FE7395 /* ShakeDetectionTests.swift */ = {isa = PBXFileReference; lastKnownFileType = sourcecode.swift; path = ShakeDetectionTests.swift; sourceTree = "<group>"; };
		B6AE1CEF78F724BBB8ED6536 /* ShelfWindowController.swift */ = {isa = PBXFileReference; lastKnownFileType = sourcecode.swift; path = ShelfWindowController.swift; sourceTree = "<group>"; };
		C1DFAB3C08F154C4749B8463 /* TemporaryFileModels.swift */ = {isa = PBXFileReference; lastKnownFileType = sourcecode.swift; path = TemporaryFileModels.swift; sourceTree = "<group>"; };
		CA80C5ADFA78672AA6CCF04F /* Assets.xcassets */ = {isa = PBXFileReference; lastKnownFileType = folder.assetcatalog; path = Assets.xcassets; sourceTree = "<group>"; };
		CBAFCC9E0F84B0233D2D08A0 /* ShelfModels.swift */ = {isa = PBXFileReference; lastKnownFileType = sourcecode.swift; path = ShelfModels.swift; sourceTree = "<group>"; };
		D69F80EA31D975442B576D4F /* SettingsStore.swift */ = {isa = PBXFileReference; lastKnownFileType = sourcecode.swift; path = SettingsStore.swift; sourceTree = "<group>"; };
		EC9AAC63DC924850759172D5 /* ShelfLifecycleStoreTests.swift */ = {isa = PBXFileReference; lastKnownFileType = sourcecode.swift; path = ShelfLifecycleStoreTests.swift; sourceTree = "<group>"; };
		F7898C12A97EB961E425BA92 /* Drops.app */ = {isa = PBXFileReference; explicitFileType = wrapper.application; includeInIndex = 0; path = Drops.app; sourceTree = BUILT_PRODUCTS_DIR; };
		FCD34C4E27850EE80A273C0D /* Stage0PerformanceMetrics.swift */ = {isa = PBXFileReference; lastKnownFileType = sourcecode.swift; path = Stage0PerformanceMetrics.swift; sourceTree = "<group>"; };
/* End PBXFileReference section */

/* Begin PBXGroup section */
		03F89315BA10BDC0647D543F /* Resources */ = {
			isa = PBXGroup;
			children = (
				CA80C5ADFA78672AA6CCF04F /* Assets.xcassets */,
			);
			path = Resources;
			sourceTree = "<group>";
		};
		076B553DE08D4D756ECB53F3 /* Products */ = {
			isa = PBXGroup;
			children = (
				F7898C12A97EB961E425BA92 /* Drops.app */,
				6C6E88844203E05FEEA09CAF /* DropsTests.xctest */,
			);
			name = Products;
			sourceTree = "<group>";
		};
		1641117C590D73CDB35D1136 /* ShelfUI */ = {
			isa = PBXGroup;
			children = (
				5CF396CBCFC13C4CF0488C1E /* ShelfContentViewController.swift */,
				B6AE1CEF78F724BBB8ED6536 /* ShelfWindowController.swift */,
				66130DA56AE961F3285CB5BD /* ShelfWindowGeometry.swift */,
			);
			path = ShelfUI;
			sourceTree = "<group>";
		};
		56605484F84A63B7CB69C66E /* Application */ = {
			isa = PBXGroup;
			children = (
				0BA05B89CABD7459A42B8FFB /* AppDelegate.swift */,
				5606CFEFFE6215121D8E41F9 /* ApplicationController.swift */,
				4E285FE12AC61945F6865E4C /* main.swift */,
				509E76EBA46A366FBFDFFE85 /* MenuBarController.swift */,
				1953F4E94F67228E55B75AC2 /* ShelfManager.swift */,
				FCD34C4E27850EE80A273C0D /* Stage0PerformanceMetrics.swift */,
			);
			path = Application;
			sourceTree = "<group>";
		};
		858B23315C89CFEA29C0620F /* Services */ = {
			isa = PBXGroup;
			children = (
				57CC0D09C964326F28D6EBEB /* ManagedTemporaryFileStore.swift */,
				2E9CDB3ABC1623DFC7E460F1 /* PasteboardMaterializer.swift */,
				A95C9E3A53B87AB422D609E6 /* RetentionScheduler.swift */,
				D69F80EA31D975442B576D4F /* SettingsStore.swift */,
			);
			path = Services;
			sourceTree = "<group>";
		};
		9975844B9932EDD150F1682B /* Drops */ = {
			isa = PBXGroup;
			children = (
				56605484F84A63B7CB69C66E /* Application */,
				A579A81370D8EFB56539AD86 /* Domain */,
				ADE9DC6CC1A34F5918C04863 /* Input */,
				03F89315BA10BDC0647D543F /* Resources */,
				858B23315C89CFEA29C0620F /* Services */,
				1641117C590D73CDB35D1136 /* ShelfUI */,
			);
			path = Drops;
			sourceTree = "<group>";
		};
		A579A81370D8EFB56539AD86 /* Domain */ = {
			isa = PBXGroup;
			children = (
				6CDCA631EDC5BCF5838F3801 /* ShelfItemModels.swift */,
				8EA8447ABD571D3F3DCA17B9 /* ShelfLifecycleStore.swift */,
				CBAFCC9E0F84B0233D2D08A0 /* ShelfModels.swift */,
				C1DFAB3C08F154C4749B8463 /* TemporaryFileModels.swift */,
			);
			path = Domain;
			sourceTree = "<group>";
		};
		AD04488EC26DDD67409F29CC = {
			isa = PBXGroup;
			children = (
				9975844B9932EDD150F1682B /* Drops */,
				C654F1AA874720450FC3D943 /* DropsTests */,
				076B553DE08D4D756ECB53F3 /* Products */,
			);
			sourceTree = "<group>";
		};
		ADE9DC6CC1A34F5918C04863 /* Input */ = {
			isa = PBXGroup;
			children = (
				8892D6688BACA167988FDB5A /* GlobalHotkeyManager.swift */,
				8896E5498935BD01D12D9C39 /* GlobalInputCoordinator.swift */,
				6D2EC9884DF36CE339D4A201 /* ShakeDetector.swift */,
			);
			path = Input;
			sourceTree = "<group>";
		};
		C654F1AA874720450FC3D943 /* DropsTests */ = {
			isa = PBXGroup;
			children = (
				4AABD01C14008A081EE101F5 /* ManagedTemporaryFileStoreTests.swift */,
				6D3E6210019DDA40CDF95D3E /* PasteboardMaterializerTests.swift */,
				58D9EA29A949F14288DCF8D2 /* SettingsStoreTests.swift */,
				B424AB5B4105B9FA57FE7395 /* ShakeDetectionTests.swift */,
				63E05B0A3AEFF8AF643D1143 /* ShelfItemDomainTests.swift */,
				EC9AAC63DC924850759172D5 /* ShelfLifecycleStoreTests.swift */,
				B299B8C51F20F2417F58D154 /* ShelfManagerContentTests.swift */,
				1DE82B2EEB36621E9BF72B31 /* ShelfManagerWindowTests.swift */,
				0C8FFB9E802DD1CBD2CF7E04 /* Stage0LaunchAndWindowTests.swift */,
			);
			path = DropsTests;
			sourceTree = "<group>";
		};
/* End PBXGroup section */

/* Begin PBXNativeTarget section */
		49703306AB9224F5A4552AF9 /* DropsTests */ = {
			isa = PBXNativeTarget;
			buildConfigurationList = E97A53F8E30E0F6175BA4E98 /* Build configuration list for PBXNativeTarget "DropsTests" */;
			buildPhases = (
				DDE2B0CD3CC4DFBC99DE5C40 /* Sources */,
			);
			buildRules = (
			);
			dependencies = (
				37A72F5C568578614823955A /* PBXTargetDependency */,
			);
			name = DropsTests;
			packageProductDependencies = (
			);
			productName = DropsTests;
			productReference = 6C6E88844203E05FEEA09CAF /* DropsTests.xctest */;
			productType = "com.apple.product-type.bundle.unit-test";
		};
		5CAEB3A8C326CF7343209C2B /* Drops */ = {
			isa = PBXNativeTarget;
			buildConfigurationList = E394CCD62622B8D61AEA3465 /* Build configuration list for PBXNativeTarget "Drops" */;
			buildPhases = (
				F87BAD49619D362509C0BF85 /* Sources */,
				8AFFAC1EEDA7F0EA8BD9EA22 /* Resources */,
			);
			buildRules = (
			);
			dependencies = (
			);
			name = Drops;
			packageProductDependencies = (
			);
			productName = Drops;
			productReference = F7898C12A97EB961E425BA92 /* Drops.app */;
			productType = "com.apple.product-type.application";
		};
/* End PBXNativeTarget section */

/* Begin PBXProject section */
		C86888F2F50DB011DDFE7C1A /* Project object */ = {
			isa = PBXProject;
			attributes = {
				BuildIndependentTargetsInParallel = YES;
				LastUpgradeCheck = 1430;
				TargetAttributes = {
					49703306AB9224F5A4552AF9 = {
						DevelopmentTeam = "";
						ProvisioningStyle = Automatic;
					};
					5CAEB3A8C326CF7343209C2B = {
						DevelopmentTeam = "";
						ProvisioningStyle = Automatic;
					};
				};
			};
			buildConfigurationList = 1E4C4CCCA766B2C0D64E0026 /* Build configuration list for PBXProject "Drops" */;
			developmentRegion = en;
			hasScannedForEncodings = 0;
			knownRegions = (
				Base,
				en,
			);
			mainGroup = AD04488EC26DDD67409F29CC;
			minimizedProjectReferenceProxies = 1;
			preferredProjectObjectVersion = 77;
			productRefGroup = 076B553DE08D4D756ECB53F3 /* Products */;
			projectDirPath = "";
			projectRoot = "";
			targets = (
				5CAEB3A8C326CF7343209C2B /* Drops */,
				49703306AB9224F5A4552AF9 /* DropsTests */,
			);
		};
/* End PBXProject section */

/* Begin PBXResourcesBuildPhase section */
		8AFFAC1EEDA7F0EA8BD9EA22 /* Resources */ = {
			isa = PBXResourcesBuildPhase;
			buildActionMask = 2147483647;
			files = (
				5F48231B71DD45A479BC962C /* Assets.xcassets in Resources */,
			);
			runOnlyForDeploymentPostprocessing = 0;
		};
/* End PBXResourcesBuildPhase section */

/* Begin PBXSourcesBuildPhase section */
		DDE2B0CD3CC4DFBC99DE5C40 /* Sources */ = {
			isa = PBXSourcesBuildPhase;
			buildActionMask = 2147483647;
			files = (
				2FFFF9587BF4F54661EBFA3B /* ManagedTemporaryFileStoreTests.swift in Sources */,
				436D05753DCA443129507E6D /* PasteboardMaterializerTests.swift in Sources */,
				BBCEA3B676D0D52A9ADCAE26 /* SettingsStoreTests.swift in Sources */,
				E9308A43137D115B21BEE4FE /* ShakeDetectionTests.swift in Sources */,
				D2FE897674A5A6F3B8C2F5C0 /* ShelfItemDomainTests.swift in Sources */,
				71A745CF2F0E97C537E05C41 /* ShelfLifecycleStoreTests.swift in Sources */,
				D0C71A5D53599A72B4FE4A07 /* ShelfManagerContentTests.swift in Sources */,
				E6B545D0D3E53EDBE7F93A95 /* ShelfManagerWindowTests.swift in Sources */,
				5B75223E4B40B167E0071FAC /* Stage0LaunchAndWindowTests.swift in Sources */,
			);
			runOnlyForDeploymentPostprocessing = 0;
		};
		F87BAD49619D362509C0BF85 /* Sources */ = {
			isa = PBXSourcesBuildPhase;
			buildActionMask = 2147483647;
			files = (
				F7DA836E6494B0F035D9E75D /* AppDelegate.swift in Sources */,
				AA95DFEA91145098E98FC4C9 /* ApplicationController.swift in Sources */,
				8B4A06615B29ABCE201FDC24 /* GlobalHotkeyManager.swift in Sources */,
				CDDB9DD566432725B0CAD2C5 /* GlobalInputCoordinator.swift in Sources */,
				7DFA61A0EE256BCFF185B6A5 /* ManagedTemporaryFileStore.swift in Sources */,
				D816826AFD3F80B696AA6138 /* MenuBarController.swift in Sources */,
				7A6E9033D67B574229DC52A2 /* PasteboardMaterializer.swift in Sources */,
				80BC62E0E4E8DDAD2945FB92 /* RetentionScheduler.swift in Sources */,
				4E22E84F2FE70F27C09255AF /* SettingsStore.swift in Sources */,
				155ECB31283C501B27165779 /* ShakeDetector.swift in Sources */,
				8D35385A121A80114D069759 /* ShelfContentViewController.swift in Sources */,
				5C8CA0AF4AA8DE153E186709 /* ShelfItemModels.swift in Sources */,
				102DE263D8A035F403A25257 /* ShelfLifecycleStore.swift in Sources */,
				E6256C72BA556D2F39A14AAC /* ShelfManager.swift in Sources */,
				878383B74542882102DE53CE /* ShelfModels.swift in Sources */,
				CF095910EB65F2383009B37F /* ShelfWindowController.swift in Sources */,
				9749EB06AE9819E06BE628C1 /* ShelfWindowGeometry.swift in Sources */,
				98740A1CFE26E6ADA537DDE6 /* Stage0PerformanceMetrics.swift in Sources */,
				91F87DB0CAB7899310034F66 /* TemporaryFileModels.swift in Sources */,
				AC5B907ABCF6E300C67084BF /* main.swift in Sources */,
			);
			runOnlyForDeploymentPostprocessing = 0;
		};
/* End PBXSourcesBuildPhase section */

/* Begin PBXTargetDependency section */
		37A72F5C568578614823955A /* PBXTargetDependency */ = {
			isa = PBXTargetDependency;
			target = 5CAEB3A8C326CF7343209C2B /* Drops */;
			targetProxy = 651B5340ACCEC31D5BBC419F /* PBXContainerItemProxy */;
		};
/* End PBXTargetDependency section */

/* Begin XCBuildConfiguration section */
		2581ED533B2959E7CA6CE307 /* Debug */ = {
			isa = XCBuildConfiguration;
			buildSettings = {
				ASSETCATALOG_COMPILER_APPICON_NAME = AppIcon;
				CODE_SIGN_ENTITLEMENTS = Drops/Support/Drops.entitlements;
				COMBINE_HIDPI_IMAGES = YES;
				GENERATE_INFOPLIST_FILE = NO;
				INFOPLIST_FILE = Drops/Resources/Info.plist;
				LD_RUNPATH_SEARCH_PATHS = (
					"$(inherited)",
					"@executable_path/../Frameworks",
				);
				ONLY_ACTIVE_ARCH = YES;
				PRODUCT_BUNDLE_IDENTIFIER = click.shakepin.macos;
				PRODUCT_COPYRIGHT = "Copyright © 2026 click.shakepin. All rights reserved.";
				PRODUCT_NAME = Drops;
				SDKROOT = macosx;
				SWIFT_ACTIVE_COMPILATION_CONDITIONS = (
					DEBUG,
				);
			};
			name = Debug;
		};
		7008D5A0F6666B164462DF3E /* Release */ = {
			isa = XCBuildConfiguration;
			buildSettings = {
				ALWAYS_SEARCH_USER_PATHS = NO;
				CLANG_ANALYZER_NONNULL = YES;
				CLANG_ANALYZER_NUMBER_OBJECT_CONVERSION = YES_AGGRESSIVE;
				CLANG_CXX_LANGUAGE_STANDARD = "gnu++14";
				CLANG_CXX_LIBRARY = "libc++";
				CLANG_ENABLE_MODULES = YES;
				CLANG_ENABLE_OBJC_ARC = YES;
				CLANG_ENABLE_OBJC_WEAK = YES;
				CLANG_WARN_BLOCK_CAPTURE_AUTORELEASING = YES;
				CLANG_WARN_BOOL_CONVERSION = YES;
				CLANG_WARN_COMMA = YES;
				CLANG_WARN_CONSTANT_CONVERSION = YES;
				CLANG_WARN_DEPRECATED_OBJC_IMPLEMENTATIONS = YES;
				CLANG_WARN_DIRECT_OBJC_ISA_USAGE = YES_ERROR;
				CLANG_WARN_DOCUMENTATION_COMMENTS = YES;
				CLANG_WARN_EMPTY_BODY = YES;
				CLANG_WARN_ENUM_CONVERSION = YES;
				CLANG_WARN_INFINITE_RECURSION = YES;
				CLANG_WARN_INT_CONVERSION = YES;
				CLANG_WARN_NON_LITERAL_NULL_CONVERSION = YES;
				CLANG_WARN_OBJC_IMPLICIT_RETAIN_SELF = YES;
				CLANG_WARN_OBJC_LITERAL_CONVERSION = YES;
				CLANG_WARN_OBJC_ROOT_CLASS = YES_ERROR;
				CLANG_WARN_QUOTED_INCLUDE_IN_FRAMEWORK_HEADER = YES;
				CLANG_WARN_RANGE_LOOP_ANALYSIS = YES;
				CLANG_WARN_STRICT_PROTOTYPES = YES;
				CLANG_WARN_SUSPICIOUS_MOVE = YES;
				CLANG_WARN_UNGUARDED_AVAILABILITY = YES_AGGRESSIVE;
				CLANG_WARN_UNREACHABLE_CODE = YES;
				CLANG_WARN__DUPLICATE_METHOD_MATCH = YES;
				CODE_SIGN_STYLE = Automatic;
				COPY_PHASE_STRIP = NO;
				CURRENT_PROJECT_VERSION = 1;
				DEBUG_INFORMATION_FORMAT = "dwarf-with-dsym";
				DEVELOPMENT_TEAM = "";
				ENABLE_HARDENED_RUNTIME = YES;
				ENABLE_NS_ASSERTIONS = NO;
				ENABLE_STRICT_OBJC_MSGSEND = YES;
				GCC_C_LANGUAGE_STANDARD = gnu11;
				GCC_NO_COMMON_BLOCKS = YES;
				GCC_WARN_64_TO_32_BIT_CONVERSION = YES;
				GCC_WARN_ABOUT_RETURN_TYPE = YES_ERROR;
				GCC_WARN_UNDECLARED_SELECTOR = YES;
				GCC_WARN_UNINITIALIZED_AUTOS = YES_AGGRESSIVE;
				GCC_WARN_UNUSED_FUNCTION = YES;
				GCC_WARN_UNUSED_VARIABLE = YES;
				MACOSX_DEPLOYMENT_TARGET = 13.0;
				MARKETING_VERSION = 0.5.0;
				MTL_ENABLE_DEBUG_INFO = NO;
				MTL_FAST_MATH = YES;
				PRODUCT_NAME = "$(TARGET_NAME)";
				SDKROOT = macosx;
				SWIFT_COMPILATION_MODE = wholemodule;
				SWIFT_OPTIMIZATION_LEVEL = "-O";
				SWIFT_VERSION = 5.10;
			};
			name = Release;
		};
		8E91CFFF293A067C7356FA5A /* Debug */ = {
			isa = XCBuildConfiguration;
			buildSettings = {
				BUNDLE_LOADER = "$(TEST_HOST)";
				COMBINE_HIDPI_IMAGES = YES;
				GENERATE_INFOPLIST_FILE = YES;
				LD_RUNPATH_SEARCH_PATHS = (
					"$(inherited)",
					"@executable_path/../Frameworks",
					"@loader_path/../Frameworks",
				);
				PRODUCT_BUNDLE_IDENTIFIER = click.shakepin.macos.DropsTests;
				SDKROOT = macosx;
				TEST_HOST = "$(BUILT_PRODUCTS_DIR)/Drops.app/$(BUNDLE_EXECUTABLE_FOLDER_PATH)/Drops";
			};
			name = Debug;
		};
		D47BB2FB41BD4FC8DAB29FC2 /* Debug */ = {
			isa = XCBuildConfiguration;
			buildSettings = {
				ALWAYS_SEARCH_USER_PATHS = NO;
				CLANG_ANALYZER_NONNULL = YES;
				CLANG_ANALYZER_NUMBER_OBJECT_CONVERSION = YES_AGGRESSIVE;
				CLANG_CXX_LANGUAGE_STANDARD = "gnu++14";
				CLANG_CXX_LIBRARY = "libc++";
				CLANG_ENABLE_MODULES = YES;
				CLANG_ENABLE_OBJC_ARC = YES;
				CLANG_ENABLE_OBJC_WEAK = YES;
				CLANG_WARN_BLOCK_CAPTURE_AUTORELEASING = YES;
				CLANG_WARN_BOOL_CONVERSION = YES;
				CLANG_WARN_COMMA = YES;
				CLANG_WARN_CONSTANT_CONVERSION = YES;
				CLANG_WARN_DEPRECATED_OBJC_IMPLEMENTATIONS = YES;
				CLANG_WARN_DIRECT_OBJC_ISA_USAGE = YES_ERROR;
				CLANG_WARN_DOCUMENTATION_COMMENTS = YES;
				CLANG_WARN_EMPTY_BODY = YES;
				CLANG_WARN_ENUM_CONVERSION = YES;
				CLANG_WARN_INFINITE_RECURSION = YES;
				CLANG_WARN_INT_CONVERSION = YES;
				CLANG_WARN_NON_LITERAL_NULL_CONVERSION = YES;
				CLANG_WARN_OBJC_IMPLICIT_RETAIN_SELF = YES;
				CLANG_WARN_OBJC_LITERAL_CONVERSION = YES;
				CLANG_WARN_OBJC_ROOT_CLASS = YES_ERROR;
				CLANG_WARN_QUOTED_INCLUDE_IN_FRAMEWORK_HEADER = YES;
				CLANG_WARN_RANGE_LOOP_ANALYSIS = YES;
				CLANG_WARN_STRICT_PROTOTYPES = YES;
				CLANG_WARN_SUSPICIOUS_MOVE = YES;
				CLANG_WARN_UNGUARDED_AVAILABILITY = YES_AGGRESSIVE;
				CLANG_WARN_UNREACHABLE_CODE = YES;
				CLANG_WARN__DUPLICATE_METHOD_MATCH = YES;
				CODE_SIGN_STYLE = Automatic;
				COPY_PHASE_STRIP = NO;
				CURRENT_PROJECT_VERSION = 1;
				DEBUG_INFORMATION_FORMAT = dwarf;
				DEVELOPMENT_TEAM = "";
				ENABLE_HARDENED_RUNTIME = YES;
				ENABLE_STRICT_OBJC_MSGSEND = YES;
				ENABLE_TESTABILITY = YES;
				GCC_C_LANGUAGE_STANDARD = gnu11;
				GCC_DYNAMIC_NO_PIC = NO;
				GCC_NO_COMMON_BLOCKS = YES;
				GCC_OPTIMIZATION_LEVEL = 0;
				GCC_PREPROCESSOR_DEFINITIONS = (
					"$(inherited)",
					"DEBUG=1",
				);
				GCC_WARN_64_TO_32_BIT_CONVERSION = YES;
				GCC_WARN_ABOUT_RETURN_TYPE = YES_ERROR;
				GCC_WARN_UNDECLARED_SELECTOR = YES;
				GCC_WARN_UNINITIALIZED_AUTOS = YES_AGGRESSIVE;
				GCC_WARN_UNUSED_FUNCTION = YES;
				GCC_WARN_UNUSED_VARIABLE = YES;
				MACOSX_DEPLOYMENT_TARGET = 13.0;
				MARKETING_VERSION = 0.5.0;
				MTL_ENABLE_DEBUG_INFO = INCLUDE_SOURCE;
				MTL_FAST_MATH = YES;
				ONLY_ACTIVE_ARCH = YES;
				PRODUCT_NAME = "$(TARGET_NAME)";
				SDKROOT = macosx;
				SWIFT_ACTIVE_COMPILATION_CONDITIONS = DEBUG;
				SWIFT_OPTIMIZATION_LEVEL = "-Onone";
				SWIFT_VERSION = 5.10;
			};
			name = Debug;
		};
		FA4EABC8FD4BC963FCE5991C /* Release */ = {
			isa = XCBuildConfiguration;
			buildSettings = {
				BUNDLE_LOADER = "$(TEST_HOST)";
				COMBINE_HIDPI_IMAGES = YES;
				GENERATE_INFOPLIST_FILE = YES;
				LD_RUNPATH_SEARCH_PATHS = (
					"$(inherited)",
					"@executable_path/../Frameworks",
					"@loader_path/../Frameworks",
				);
				PRODUCT_BUNDLE_IDENTIFIER = click.shakepin.macos.DropsTests;
				SDKROOT = macosx;
				TEST_HOST = "$(BUILT_PRODUCTS_DIR)/Drops.app/$(BUNDLE_EXECUTABLE_FOLDER_PATH)/Drops";
			};
			name = Release;
		};
		FCC79A11BCE72F40BA0A43ED /* Release */ = {
			isa = XCBuildConfiguration;
			buildSettings = {
				ASSETCATALOG_COMPILER_APPICON_NAME = AppIcon;
				CODE_SIGN_ENTITLEMENTS = Drops/Support/Drops.entitlements;
				COMBINE_HIDPI_IMAGES = YES;
				GENERATE_INFOPLIST_FILE = NO;
				INFOPLIST_FILE = Drops/Resources/Info.plist;
				LD_RUNPATH_SEARCH_PATHS = (
					"$(inherited)",
					"@executable_path/../Frameworks",
				);
				PRODUCT_BUNDLE_IDENTIFIER = click.shakepin.macos;
				PRODUCT_COPYRIGHT = "Copyright © 2026 click.shakepin. All rights reserved.";
				PRODUCT_NAME = Drops;
				SDKROOT = macosx;
				SWIFT_ACTIVE_COMPILATION_CONDITIONS = (
				);
				SWIFT_COMPILATION_MODE = wholemodule;
				SWIFT_OPTIMIZATION_LEVEL = "-O";
			};
			name = Release;
		};
/* End XCBuildConfiguration section */

/* Begin XCConfigurationList section */
		1E4C4CCCA766B2C0D64E0026 /* Build configuration list for PBXProject "Drops" */ = {
			isa = XCConfigurationList;
			buildConfigurations = (
				D47BB2FB41BD4FC8DAB29FC2 /* Debug */,
				7008D5A0F6666B164462DF3E /* Release */,
			);
			defaultConfigurationIsVisible = 0;
			defaultConfigurationName = Debug;
		};
		E394CCD62622B8D61AEA3465 /* Build configuration list for PBXNativeTarget "Drops" */ = {
			isa = XCConfigurationList;
			buildConfigurations = (
				2581ED533B2959E7CA6CE307 /* Debug */,
				FCC79A11BCE72F40BA0A43ED /* Release */,
			);
			defaultConfigurationIsVisible = 0;
			defaultConfigurationName = Debug;
		};
		E97A53F8E30E0F6175BA4E98 /* Build configuration list for PBXNativeTarget "DropsTests" */ = {
			isa = XCConfigurationList;
			buildConfigurations = (
				8E91CFFF293A067C7356FA5A /* Debug */,
				FA4EABC8FD4BC963FCE5991C /* Release */,
			);
			defaultConfigurationIsVisible = 0;
			defaultConfigurationName = Debug;
		};
/* End XCConfigurationList section */
	};
	rootObject = C86888F2F50DB011DDFE7C1A /* Project object */;
}
